
Microsoft Visual Studio Solution File, Format Version 12.00
# Visual Studio Version 17
VisualStudioVersion = 17.0.32112.339
MinimumVisualStudioVersion = 10.0.40219.1
Project("{FAE04EC0-301F-11D3-BF4B-00C04F79EFBC}") = "ReactMemo", "ReactMemo\ReactMemo.csproj", "{F01D1710-54B3-473E-AC5C-CDB8AB932A55}"
EndProject
Global
	GlobalSection(SolutionConfigurationPlatforms) = preSolution
		Debug|Any CPU = Debug|Any CPU
		Release|Any CPU = Release|Any CPU
	EndGlobalSection
	GlobalSection(ProjectConfigurationPlatforms) = postSolution
		{F01D1710-54B3-473E-AC5C-CDB8AB932A55}.Debug|Any CPU.ActiveCfg = Debug|Any CPU
		{F01D1710-54B3-473E-AC5C-CDB8AB932A55}.Debug|Any CPU.Build.0 = Debug|Any CPU
		{F01D1710-54B3-473E-AC5C-CDB8AB932A55}.Release|Any CPU.ActiveCfg = Release|Any CPU
		{F01D1710-54B3-473E-AC5C-CDB8AB932A55}.Release|Any CPU.Build.0 = Release|Any CPU
	EndGlobalSection
	GlobalSection(SolutionProperties) = preSolution
		HideSolutionNode = FALSE
	EndGlobalSection
	GlobalSection(ExtensibilityGlobals) = postSolution
		SolutionGuid = {D9D8FF89-50CA-4335-8566-0FEDEA7ECA81}
	EndGlobalSection
EndGlobal
